
Microsoft Visual Studio Solution File, Format Version 12.00
# Visual Studio Version 17
VisualStudioVersion = 17.5.33103.201
MinimumVisualStudioVersion = 10.0.40219.1
Project("{FAE04EC0-301F-11D3-BF4B-00C04F79EFBC}") = "VictoryRestaurant.Contact", "VictoryRestaurant.Contact\VictoryRestaurant.Contact.csproj", "{E3E4E0CB-5FF7-42F3-8BC1-6403B59C68CF}"
EndProject
Global
	GlobalSection(SolutionConfigurationPlatforms) = preSolution
		Debug|Any CPU = Debug|Any CPU
		Release|Any CPU = Release|Any CPU
	EndGlobalSection
	GlobalSection(ProjectConfigurationPlatforms) = postSolution
		{E3E4E0CB-5FF7-42F3-8BC1-6403B59C68CF}.Debug|Any CPU.ActiveCfg = Debug|Any CPU
		{E3E4E0CB-5FF7-42F3-8BC1-6403B59C68CF}.Debug|Any CPU.Build.0 = Debug|Any CPU
		{E3E4E0CB-5FF7-42F3-8BC1-6403B59C68CF}.Release|Any CPU.ActiveCfg = Release|Any CPU
		{E3E4E0CB-5FF7-42F3-8BC1-6403B59C68CF}.Release|Any CPU.Build.0 = Release|Any CPU
	EndGlobalSection
	GlobalSection(SolutionProperties) = preSolution
		HideSolutionNode = FALSE
	EndGlobalSection
	GlobalSection(ExtensibilityGlobals) = postSolution
		SolutionGuid = {6925FCA9-833F-49A3-8C4D-8A186CDBC26C}
	EndGlobalSection
EndGlobal
