
Microsoft Visual Studio Solution File, Format Version 12.00
# Visual Studio Version 17
VisualStudioVersion = 17.5.33103.201
MinimumVisualStudioVersion = 10.0.40219.1
Project("{2150E333-8FDC-42A3-9474-1A3956D46DE8}") = "1 - Presentation", "1 - Presentation", "{A2ACB454-1560-4544-84DD-34CD401E6CFA}"
EndProject
Project("{2150E333-8FDC-42A3-9474-1A3956D46DE8}") = "2 - Application", "2 - Application", "{E12E7E7F-6AA5-467C-8D92-1AD93484A6CE}"
EndProject
Project("{9A19103F-16F7-4668-BE54-9A1E7A4F7556}") = "VictoryRestaurant.Contact.Presentation", "src\VictoryRestaurant.Contact.Presentation\VictoryRestaurant.Contact.Presentation.csproj", "{76EA420A-B4AE-47A0-B44F-B3AEB08B3E30}"
EndProject
Project("{FAE04EC0-301F-11D3-BF4B-00C04F79EFBC}") = "VictoryRestaurant.Contact.Application", "VictoryRestaurant.Contact.Application\VictoryRestaurant.Contact.Application.csproj", "{166C0B64-27F5-4296-8CA5-FF2F8BD85814}"
EndProject
Global
	GlobalSection(SolutionConfigurationPlatforms) = preSolution
		Debug|Any CPU = Debug|Any CPU
		Release|Any CPU = Release|Any CPU
	EndGlobalSection
	GlobalSection(ProjectConfigurationPlatforms) = postSolution
		{76EA420A-B4AE-47A0-B44F-B3AEB08B3E30}.Debug|Any CPU.ActiveCfg = Debug|Any CPU
		{76EA420A-B4AE-47A0-B44F-B3AEB08B3E30}.Debug|Any CPU.Build.0 = Debug|Any CPU
		{76EA420A-B4AE-47A0-B44F-B3AEB08B3E30}.Release|Any CPU.ActiveCfg = Release|Any CPU
		{76EA420A-B4AE-47A0-B44F-B3AEB08B3E30}.Release|Any CPU.Build.0 = Release|Any CPU
		{166C0B64-27F5-4296-8CA5-FF2F8BD85814}.Debug|Any CPU.ActiveCfg = Debug|Any CPU
		{166C0B64-27F5-4296-8CA5-FF2F8BD85814}.Debug|Any CPU.Build.0 = Debug|Any CPU
		{166C0B64-27F5-4296-8CA5-FF2F8BD85814}.Release|Any CPU.ActiveCfg = Release|Any CPU
		{166C0B64-27F5-4296-8CA5-FF2F8BD85814}.Release|Any CPU.Build.0 = Release|Any CPU
	EndGlobalSection
	GlobalSection(SolutionProperties) = preSolution
		HideSolutionNode = FALSE
	EndGlobalSection
	GlobalSection(NestedProjects) = preSolution
		{76EA420A-B4AE-47A0-B44F-B3AEB08B3E30} = {A2ACB454-1560-4544-84DD-34CD401E6CFA}
		{166C0B64-27F5-4296-8CA5-FF2F8BD85814} = {E12E7E7F-6AA5-467C-8D92-1AD93484A6CE}
	EndGlobalSection
	GlobalSection(ExtensibilityGlobals) = postSolution
		SolutionGuid = {6925FCA9-833F-49A3-8C4D-8A186CDBC26C}
	EndGlobalSection
EndGlobal
